
Microsoft Visual Studio Solution File, Format Version 12.00
# Visual Studio Version 16
VisualStudioVersion = 16.0.29411.108
MinimumVisualStudioVersion = 10.0.40219.1
Project("{9A19103F-16F7-4668-BE54-9A1E7A4F7556}") = "Magic", "src\Magic.csproj", "{2E7D727F-F564-4E26-95D5-7830C6D5CC5B}"
EndProject
Global
	GlobalSection(SolutionConfigurationPlatforms) = preSolution
		Debug|Any CPU = Debug|Any CPU
		Release|Any CPU = Release|Any CPU
	EndGlobalSection
	GlobalSection(ProjectConfigurationPlatforms) = postSolution
		{2E7D727F-F564-4E26-95D5-7830C6D5CC5B}.Debug|Any CPU.ActiveCfg = Debug|Any CPU
		{2E7D727F-F564-4E26-95D5-7830C6D5CC5B}.Debug|Any CPU.Build.0 = Debug|Any CPU
		{2E7D727F-F564-4E26-95D5-7830C6D5CC5B}.Release|Any CPU.ActiveCfg = Release|Any CPU
		{2E7D727F-F564-4E26-95D5-7830C6D5CC5B}.Release|Any CPU.Build.0 = Release|Any CPU
	EndGlobalSection
	GlobalSection(SolutionProperties) = preSolution
		HideSolutionNode = FALSE
	EndGlobalSection
	GlobalSection(ExtensibilityGlobals) = postSolution
		SolutionGuid = {FC6533A9-1B1D-48EB-84A6-6F06FE197E40}
	EndGlobalSection
EndGlobal
